
Microsoft Visual Studio Solution File, Format Version 12.00
# Visual Studio 15
VisualStudioVersion = 15.0.27004.2008
MinimumVisualStudioVersion = 10.0.40219.1
Project("{FAE04EC0-301F-11D3-BF4B-00C04F79EFBC}") = "Exercise4", "Exercise4\Exercise4.csproj", "{F85126A0-6AB8-4898-AA15-43E2CC7AC3E8}"
EndProject
Project("{FAE04EC0-301F-11D3-BF4B-00C04F79EFBC}") = "Exercise2", "Exercise2\Exercise2.csproj", "{2FAA8110-5BFF-4911-AF52-E754DFFD0DDC}"
EndProject
Project("{FAE04EC0-301F-11D3-BF4B-00C04F79EFBC}") = "Exercise1", "Exercise1\Exercise1.csproj", "{B1B96B19-2E44-4C57-8D89-8996752A7059}"
EndProject
Project("{FAE04EC0-301F-11D3-BF4B-00C04F79EFBC}") = "Exercise6", "Exercise6\Exercise6.csproj", "{7D4A0883-2CF8-4D1A-BCCF-8C2ADA21785B}"
EndProject
Project("{FAE04EC0-301F-11D3-BF4B-00C04F79EFBC}") = "Exercise5", "Exercise5\Exercise5.csproj", "{AC304048-272E-4B06-9EC3-24EEA3EC84CA}"
EndProject
Global
	GlobalSection(SolutionConfigurationPlatforms) = preSolution
		Debug|Any CPU = Debug|Any CPU
		Release|Any CPU = Release|Any CPU
	EndGlobalSection
	GlobalSection(ProjectConfigurationPlatforms) = postSolution
		{F85126A0-6AB8-4898-AA15-43E2CC7AC3E8}.Debug|Any CPU.ActiveCfg = Debug|Any CPU
		{F85126A0-6AB8-4898-AA15-43E2CC7AC3E8}.Debug|Any CPU.Build.0 = Debug|Any CPU
		{F85126A0-6AB8-4898-AA15-43E2CC7AC3E8}.Debug|Any CPU.Deploy.0 = Debug|Any CPU
		{F85126A0-6AB8-4898-AA15-43E2CC7AC3E8}.Release|Any CPU.ActiveCfg = Release|Any CPU
		{F85126A0-6AB8-4898-AA15-43E2CC7AC3E8}.Release|Any CPU.Build.0 = Release|Any CPU
		{F85126A0-6AB8-4898-AA15-43E2CC7AC3E8}.Release|Any CPU.Deploy.0 = Release|Any CPU
		{2FAA8110-5BFF-4911-AF52-E754DFFD0DDC}.Debug|Any CPU.ActiveCfg = Debug|Any CPU
		{2FAA8110-5BFF-4911-AF52-E754DFFD0DDC}.Debug|Any CPU.Build.0 = Debug|Any CPU
		{2FAA8110-5BFF-4911-AF52-E754DFFD0DDC}.Debug|Any CPU.Deploy.0 = Debug|Any CPU
		{2FAA8110-5BFF-4911-AF52-E754DFFD0DDC}.Release|Any CPU.ActiveCfg = Release|Any CPU
		{2FAA8110-5BFF-4911-AF52-E754DFFD0DDC}.Release|Any CPU.Build.0 = Release|Any CPU
		{2FAA8110-5BFF-4911-AF52-E754DFFD0DDC}.Release|Any CPU.Deploy.0 = Release|Any CPU
		{B1B96B19-2E44-4C57-8D89-8996752A7059}.Debug|Any CPU.ActiveCfg = Debug|Any CPU
		{B1B96B19-2E44-4C57-8D89-8996752A7059}.Debug|Any CPU.Build.0 = Debug|Any CPU
		{B1B96B19-2E44-4C57-8D89-8996752A7059}.Debug|Any CPU.Deploy.0 = Debug|Any CPU
		{B1B96B19-2E44-4C57-8D89-8996752A7059}.Release|Any CPU.ActiveCfg = Release|Any CPU
		{B1B96B19-2E44-4C57-8D89-8996752A7059}.Release|Any CPU.Build.0 = Release|Any CPU
		{B1B96B19-2E44-4C57-8D89-8996752A7059}.Release|Any CPU.Deploy.0 = Release|Any CPU
		{7D4A0883-2CF8-4D1A-BCCF-8C2ADA21785B}.Debug|Any CPU.ActiveCfg = Debug|Any CPU
		{7D4A0883-2CF8-4D1A-BCCF-8C2ADA21785B}.Debug|Any CPU.Build.0 = Debug|Any CPU
		{7D4A0883-2CF8-4D1A-BCCF-8C2ADA21785B}.Debug|Any CPU.Deploy.0 = Debug|Any CPU
		{7D4A0883-2CF8-4D1A-BCCF-8C2ADA21785B}.Release|Any CPU.ActiveCfg = Release|Any CPU
		{7D4A0883-2CF8-4D1A-BCCF-8C2ADA21785B}.Release|Any CPU.Build.0 = Release|Any CPU
		{7D4A0883-2CF8-4D1A-BCCF-8C2ADA21785B}.Release|Any CPU.Deploy.0 = Release|Any CPU
		{AC304048-272E-4B06-9EC3-24EEA3EC84CA}.Debug|Any CPU.ActiveCfg = Debug|Any CPU
		{AC304048-272E-4B06-9EC3-24EEA3EC84CA}.Debug|Any CPU.Build.0 = Debug|Any CPU
		{AC304048-272E-4B06-9EC3-24EEA3EC84CA}.Debug|Any CPU.Deploy.0 = Debug|Any CPU
		{AC304048-272E-4B06-9EC3-24EEA3EC84CA}.Release|Any CPU.ActiveCfg = Release|Any CPU
		{AC304048-272E-4B06-9EC3-24EEA3EC84CA}.Release|Any CPU.Build.0 = Release|Any CPU
		{AC304048-272E-4B06-9EC3-24EEA3EC84CA}.Release|Any CPU.Deploy.0 = Release|Any CPU
	EndGlobalSection
	GlobalSection(SolutionProperties) = preSolution
		HideSolutionNode = FALSE
	EndGlobalSection
	GlobalSection(ExtensibilityGlobals) = postSolution
		SolutionGuid = {4ACC9617-7794-44B5-AFAB-9D3F85624053}
	EndGlobalSection
EndGlobal
